
Microsoft Visual Studio Solution File, Format Version 12.00
# Visual Studio Version 17
VisualStudioVersion = 17.11.35327.3
MinimumVisualStudioVersion = 10.0.40219.1
Project("{2150E333-8FDC-42A3-9474-1A3956D46DE8}") = "Task0", "Task0", "{733EE2F3-C13A-49D4-81B2-34816AC0CEDD}"
EndProject
Project("{FAE04EC0-301F-11D3-BF4B-00C04F79EFBC}") = "Tyuiu.GizatullinAP.Sprint4.Task0.V30.Lib", "Tyuiu.GizatullinAP.Sprint4.Task0.V30.Lib\Tyuiu.GizatullinAP.Sprint4.Task0.V30.Lib.csproj", "{8B42F003-7CB1-4F36-A2D2-6D86B2985581}"
EndProject
Project("{FAE04EC0-301F-11D3-BF4B-00C04F79EFBC}") = "Tyuiu.GizatullinAP.Sprint4.Task0.V30", "Tyuiu.GizatullinAP.Sprint4.Task0.V30\Tyuiu.GizatullinAP.Sprint4.Task0.V30.csproj", "{BA9E2BD4-7B42-4409-9264-E0AF039B29F1}"
EndProject
Project("{FAE04EC0-301F-11D3-BF4B-00C04F79EFBC}") = "Tyuiu.GizatullinAP.Sprint4.Task0.V30.Test", "Tyuiu.GizatullinAP.Sprint4.Task0.V30.Test\Tyuiu.GizatullinAP.Sprint4.Task0.V30.Test.csproj", "{107BF65D-E044-4C01-B078-0C94E301D24B}"
EndProject
Project("{2150E333-8FDC-42A3-9474-1A3956D46DE8}") = "Task1", "Task1", "{3968667D-6960-4F12-B650-4EE73FF30823}"
EndProject
Project("{FAE04EC0-301F-11D3-BF4B-00C04F79EFBC}") = "Tyuiu.GizatullinAP.Sprint4.Task1.V20.Lib", "Tyuiu.GizatullinAP.Sprint4.Task1.V20.Lib\Tyuiu.GizatullinAP.Sprint4.Task1.V20.Lib.csproj", "{DAFD77B2-2C4C-4D89-9240-DAB337CA7BC8}"
EndProject
Project("{FAE04EC0-301F-11D3-BF4B-00C04F79EFBC}") = "Tyuiu.GizatullinAP.Sprint4.Task1.V20.Test", "Tyuiu.GizatullinAP.Sprint4.Task1.V20.Test\Tyuiu.GizatullinAP.Sprint4.Task1.V20.Test.csproj", "{F28DBBCD-6E06-4FAA-B5C3-31A3802F029A}"
EndProject
Project("{FAE04EC0-301F-11D3-BF4B-00C04F79EFBC}") = "Tyuiu.GizatullinAP.Sprint4.Task1.V20", "Tyuiu.GizatullinAP.Sprint4.Task1.V20\Tyuiu.GizatullinAP.Sprint4.Task1.V20.csproj", "{0EB93A6C-F5EA-49DF-B09F-C6A4A57A0DF9}"
EndProject
Project("{2150E333-8FDC-42A3-9474-1A3956D46DE8}") = "Task2", "Task2", "{4990A977-6506-4981-B294-CE6EA3D4BAFB}"
EndProject
Project("{FAE04EC0-301F-11D3-BF4B-00C04F79EFBC}") = "Tyuiu.GizatullinAP.Sprint4.Task2.V5", "Tyuiu.GizatullinAP.Sprint4.Task2.V5\Tyuiu.GizatullinAP.Sprint4.Task2.V5.csproj", "{08923A8C-5DA8-4529-B652-9E46A5402292}"
EndProject
Project("{FAE04EC0-301F-11D3-BF4B-00C04F79EFBC}") = "Tyuiu.GizatullinAP.Sprint4.Task2.V5.Test", "Tyuiu.GizatullinAP.Sprint4.Task2.V5.Test\Tyuiu.GizatullinAP.Sprint4.Task2.V5.Test.csproj", "{32515A1D-4634-4240-93B0-6031C3EB4E64}"
EndProject
Project("{FAE04EC0-301F-11D3-BF4B-00C04F79EFBC}") = "Tyuiu.GizatullinAP.Sprint4.Task2.V5.Lib", "Tyuiu.GizatullinAP.Sprint4.Task2.V5.Lib\Tyuiu.GizatullinAP.Sprint4.Task2.V5.Lib.csproj", "{A6F2918C-B782-498D-866C-29B7A0398897}"
EndProject
Global
	GlobalSection(SolutionConfigurationPlatforms) = preSolution
		Debug|Any CPU = Debug|Any CPU
		Release|Any CPU = Release|Any CPU
	EndGlobalSection
	GlobalSection(ProjectConfigurationPlatforms) = postSolution
		{8B42F003-7CB1-4F36-A2D2-6D86B2985581}.Debug|Any CPU.ActiveCfg = Debug|Any CPU
		{8B42F003-7CB1-4F36-A2D2-6D86B2985581}.Debug|Any CPU.Build.0 = Debug|Any CPU
		{8B42F003-7CB1-4F36-A2D2-6D86B2985581}.Release|Any CPU.ActiveCfg = Release|Any CPU
		{8B42F003-7CB1-4F36-A2D2-6D86B2985581}.Release|Any CPU.Build.0 = Release|Any CPU
		{BA9E2BD4-7B42-4409-9264-E0AF039B29F1}.Debug|Any CPU.ActiveCfg = Debug|Any CPU
		{BA9E2BD4-7B42-4409-9264-E0AF039B29F1}.Debug|Any CPU.Build.0 = Debug|Any CPU
		{BA9E2BD4-7B42-4409-9264-E0AF039B29F1}.Release|Any CPU.ActiveCfg = Release|Any CPU
		{BA9E2BD4-7B42-4409-9264-E0AF039B29F1}.Release|Any CPU.Build.0 = Release|Any CPU
		{107BF65D-E044-4C01-B078-0C94E301D24B}.Debug|Any CPU.ActiveCfg = Debug|Any CPU
		{107BF65D-E044-4C01-B078-0C94E301D24B}.Debug|Any CPU.Build.0 = Debug|Any CPU
		{107BF65D-E044-4C01-B078-0C94E301D24B}.Release|Any CPU.ActiveCfg = Release|Any CPU
		{107BF65D-E044-4C01-B078-0C94E301D24B}.Release|Any CPU.Build.0 = Release|Any CPU
		{DAFD77B2-2C4C-4D89-9240-DAB337CA7BC8}.Debug|Any CPU.ActiveCfg = Debug|Any CPU
		{DAFD77B2-2C4C-4D89-9240-DAB337CA7BC8}.Debug|Any CPU.Build.0 = Debug|Any CPU
		{DAFD77B2-2C4C-4D89-9240-DAB337CA7BC8}.Release|Any CPU.ActiveCfg = Release|Any CPU
		{DAFD77B2-2C4C-4D89-9240-DAB337CA7BC8}.Release|Any CPU.Build.0 = Release|Any CPU
		{F28DBBCD-6E06-4FAA-B5C3-31A3802F029A}.Debug|Any CPU.ActiveCfg = Debug|Any CPU
		{F28DBBCD-6E06-4FAA-B5C3-31A3802F029A}.Debug|Any CPU.Build.0 = Debug|Any CPU
		{F28DBBCD-6E06-4FAA-B5C3-31A3802F029A}.Release|Any CPU.ActiveCfg = Release|Any CPU
		{F28DBBCD-6E06-4FAA-B5C3-31A3802F029A}.Release|Any CPU.Build.0 = Release|Any CPU
		{0EB93A6C-F5EA-49DF-B09F-C6A4A57A0DF9}.Debug|Any CPU.ActiveCfg = Debug|Any CPU
		{0EB93A6C-F5EA-49DF-B09F-C6A4A57A0DF9}.Debug|Any CPU.Build.0 = Debug|Any CPU
		{0EB93A6C-F5EA-49DF-B09F-C6A4A57A0DF9}.Release|Any CPU.ActiveCfg = Release|Any CPU
		{0EB93A6C-F5EA-49DF-B09F-C6A4A57A0DF9}.Release|Any CPU.Build.0 = Release|Any CPU
		{08923A8C-5DA8-4529-B652-9E46A5402292}.Debug|Any CPU.ActiveCfg = Debug|Any CPU
		{08923A8C-5DA8-4529-B652-9E46A5402292}.Debug|Any CPU.Build.0 = Debug|Any CPU
		{08923A8C-5DA8-4529-B652-9E46A5402292}.Release|Any CPU.ActiveCfg = Release|Any CPU
		{08923A8C-5DA8-4529-B652-9E46A5402292}.Release|Any CPU.Build.0 = Release|Any CPU
		{32515A1D-4634-4240-93B0-6031C3EB4E64}.Debug|Any CPU.ActiveCfg = Debug|Any CPU
		{32515A1D-4634-4240-93B0-6031C3EB4E64}.Debug|Any CPU.Build.0 = Debug|Any CPU
		{32515A1D-4634-4240-93B0-6031C3EB4E64}.Release|Any CPU.ActiveCfg = Release|Any CPU
		{32515A1D-4634-4240-93B0-6031C3EB4E64}.Release|Any CPU.Build.0 = Release|Any CPU
		{A6F2918C-B782-498D-866C-29B7A0398897}.Debug|Any CPU.ActiveCfg = Debug|Any CPU
		{A6F2918C-B782-498D-866C-29B7A0398897}.Debug|Any CPU.Build.0 = Debug|Any CPU
		{A6F2918C-B782-498D-866C-29B7A0398897}.Release|Any CPU.ActiveCfg = Release|Any CPU
		{A6F2918C-B782-498D-866C-29B7A0398897}.Release|Any CPU.Build.0 = Release|Any CPU
	EndGlobalSection
	GlobalSection(SolutionProperties) = preSolution
		HideSolutionNode = FALSE
	EndGlobalSection
	GlobalSection(NestedProjects) = preSolution
		{8B42F003-7CB1-4F36-A2D2-6D86B2985581} = {733EE2F3-C13A-49D4-81B2-34816AC0CEDD}
		{BA9E2BD4-7B42-4409-9264-E0AF039B29F1} = {733EE2F3-C13A-49D4-81B2-34816AC0CEDD}
		{107BF65D-E044-4C01-B078-0C94E301D24B} = {733EE2F3-C13A-49D4-81B2-34816AC0CEDD}
		{DAFD77B2-2C4C-4D89-9240-DAB337CA7BC8} = {3968667D-6960-4F12-B650-4EE73FF30823}
		{F28DBBCD-6E06-4FAA-B5C3-31A3802F029A} = {3968667D-6960-4F12-B650-4EE73FF30823}
		{0EB93A6C-F5EA-49DF-B09F-C6A4A57A0DF9} = {3968667D-6960-4F12-B650-4EE73FF30823}
		{08923A8C-5DA8-4529-B652-9E46A5402292} = {4990A977-6506-4981-B294-CE6EA3D4BAFB}
		{32515A1D-4634-4240-93B0-6031C3EB4E64} = {4990A977-6506-4981-B294-CE6EA3D4BAFB}
		{A6F2918C-B782-498D-866C-29B7A0398897} = {4990A977-6506-4981-B294-CE6EA3D4BAFB}
	EndGlobalSection
	GlobalSection(ExtensibilityGlobals) = postSolution
		SolutionGuid = {08944878-1DCD-4FAE-965F-5030C2129F90}
	EndGlobalSection
EndGlobal
